
Microsoft Visual Studio Solution File, Format Version 12.00
# Visual Studio 15
VisualStudioVersion = 15.0.28307.852
MinimumVisualStudioVersion = 10.0.40219.1
Project("{FAE04EC0-301F-11D3-BF4B-00C04F79EFBC}") = "DASARV01", "DASARV01\DASARV01.csproj", "{B3A78ABE-6361-47C8-A0B8-67455EEC797D}"
EndProject
Project("{FAE04EC0-301F-11D3-BF4B-00C04F79EFBC}") = "DataAccess", "..\DataAccess\DataAccess.csproj", "{73408478-B0E1-4603-A91E-9BBA3AF98F06}"
EndProject
Global
	GlobalSection(SolutionConfigurationPlatforms) = preSolution
		Debug|Any CPU = Debug|Any CPU
		Release|Any CPU = Release|Any CPU
	EndGlobalSection
	GlobalSection(ProjectConfigurationPlatforms) = postSolution
		{B3A78ABE-6361-47C8-A0B8-67455EEC797D}.Debug|Any CPU.ActiveCfg = Debug|Any CPU
		{B3A78ABE-6361-47C8-A0B8-67455EEC797D}.Debug|Any CPU.Build.0 = Debug|Any CPU
		{B3A78ABE-6361-47C8-A0B8-67455EEC797D}.Release|Any CPU.ActiveCfg = Release|Any CPU
		{B3A78ABE-6361-47C8-A0B8-67455EEC797D}.Release|Any CPU.Build.0 = Release|Any CPU
		{73408478-B0E1-4603-A91E-9BBA3AF98F06}.Debug|Any CPU.ActiveCfg = Debug|Any CPU
		{73408478-B0E1-4603-A91E-9BBA3AF98F06}.Debug|Any CPU.Build.0 = Debug|Any CPU
		{73408478-B0E1-4603-A91E-9BBA3AF98F06}.Release|Any CPU.ActiveCfg = Release|Any CPU
		{73408478-B0E1-4603-A91E-9BBA3AF98F06}.Release|Any CPU.Build.0 = Release|Any CPU
	EndGlobalSection
	GlobalSection(SolutionProperties) = preSolution
		HideSolutionNode = FALSE
	EndGlobalSection
	GlobalSection(ExtensibilityGlobals) = postSolution
		SolutionGuid = {033E2720-694C-425C-BF4A-A7CA651AB901}
	EndGlobalSection
EndGlobal
